Microsoft Visual Studio Solution File, Format Version 11.00
# Visual Studio 2010
Project("{FAE04EC0-301F-11D3-BF4B-00C04F79EFBC}") = "Assembly-CSharp-firstpass", "Assembly-CSharp-firstpass.csproj", "{68E93D88-2E84-18CE-D258-0FE298C69A26}"
EndProject
Project("{FAE04EC0-301F-11D3-BF4B-00C04F79EFBC}") = "Assembly-CSharp", "Assembly-CSharp.csproj", "{7FC6BBDA-5E86-A61A-BD84-60D346CD9529}"
EndProject
Global
	GlobalSection(SolutionConfigurationPlatforms) = preSolution
		Debug|Any CPU = Debug|Any CPU
		Release|Any CPU = Release|Any CPU
	EndGlobalSection
	GlobalSection(ProjectConfigurationPlatforms) = postSolution
		{68E93D88-2E84-18CE-D258-0FE298C69A26}.Debug|Any CPU.ActiveCfg = Debug|Any CPU
		{68E93D88-2E84-18CE-D258-0FE298C69A26}.Debug|Any CPU.Build.0 = Debug|Any CPU
		{68E93D88-2E84-18CE-D258-0FE298C69A26}.Release|Any CPU.ActiveCfg = Release|Any CPU
		{68E93D88-2E84-18CE-D258-0FE298C69A26}.Release|Any CPU.Build.0 = Release|Any CPU
		{7FC6BBDA-5E86-A61A-BD84-60D346CD9529}.Debug|Any CPU.ActiveCfg = Debug|Any CPU
		{7FC6BBDA-5E86-A61A-BD84-60D346CD9529}.Debug|Any CPU.Build.0 = Debug|Any CPU
		{7FC6BBDA-5E86-A61A-BD84-60D346CD9529}.Release|Any CPU.ActiveCfg = Release|Any CPU
		{7FC6BBDA-5E86-A61A-BD84-60D346CD9529}.Release|Any CPU.Build.0 = Release|Any CPU
	EndGlobalSection
	GlobalSection(SolutionProperties) = preSolution
		HideSolutionNode = FALSE
	EndGlobalSection
	GlobalSection(MonoDevelopProperties) = preSolution
		StartupItem = Assembly-CSharp.csproj
	EndGlobalSection
EndGlobal
